
Microsoft Visual Studio Solution File, Format Version 12.00
# Visual Studio Version 17
VisualStudioVersion = 17.11.35327.3
MinimumVisualStudioVersion = 10.0.40219.1
Project("{FAE04EC0-301F-11D3-BF4B-00C04F79EFBC}") = "MVC_Core_EvPractice_10", "MVC_Core_EvPractice_10\MVC_Core_EvPractice_10.csproj", "{62849523-94C3-4358-86A8-78FA3AD6C314}"
EndProject
Global
	GlobalSection(SolutionConfigurationPlatforms) = preSolution
		Debug|Any CPU = Debug|Any CPU
		Release|Any CPU = Release|Any CPU
	EndGlobalSection
	GlobalSection(ProjectConfigurationPlatforms) = postSolution
		{62849523-94C3-4358-86A8-78FA3AD6C314}.Debug|Any CPU.ActiveCfg = Debug|Any CPU
		{62849523-94C3-4358-86A8-78FA3AD6C314}.Debug|Any CPU.Build.0 = Debug|Any CPU
		{62849523-94C3-4358-86A8-78FA3AD6C314}.Release|Any CPU.ActiveCfg = Release|Any CPU
		{62849523-94C3-4358-86A8-78FA3AD6C314}.Release|Any CPU.Build.0 = Release|Any CPU
	EndGlobalSection
	GlobalSection(SolutionProperties) = preSolution
		HideSolutionNode = FALSE
	EndGlobalSection
	GlobalSection(ExtensibilityGlobals) = postSolution
		SolutionGuid = {2EE63BE4-9E11-4C3B-B61C-9B5F3107D645}
	EndGlobalSection
EndGlobal
